// !$*UTF8*$!
{
	archiveVersion = 1;
	classes = {
	};
	objectVersion = 77;
	objects = {

/* Begin PBXBuildFile section */
		0BF7B26AC9E642E662052659 /* ContentView.swift in Sources */ = {isa = PBXBuildFile; fileRef = 94D93253E240D09AF5BDC2FE /* ContentView.swift */; };
		2619798AC5395A916893E3F2 /* simple-note-taking-app-for-iosApp.swift in Sources */ = {isa = PBXBuildFile; fileRef = 2E98B7B6201A0C32EEB3EAEE /* simple-note-taking-app-for-iosApp.swift */; };
		C59245F544480ECD3F7CCD1C /* Assets.xcassets in Resources */ = {isa = PBXBuildFile; fileRef = 8321F9AB0CBD3B2F041E13B7 /* Assets.xcassets */; };
/* End PBXBuildFile section */

/* Begin PBXFileReference section */
		117C0BE688F4FFCC7F2C5AA2 /* simple-note-taking-app-for-ios.app */ = {isa = PBXFileReference; includeInIndex = 0; lastKnownFileType = wrapper.application; path = "simple-note-taking-app-for-ios.app"; sourceTree = BUILT_PRODUCTS_DIR; };
		2E98B7B6201A0C32EEB3EAEE /* simple-note-taking-app-for-iosApp.swift */ = {isa = PBXFileReference; lastKnownFileType = sourcecode.swift; path = "simple-note-taking-app-for-iosApp.swift"; sourceTree = "<group>"; };
		8321F9AB0CBD3B2F041E13B7 /* Assets.xcassets */ = {isa = PBXFileReference; lastKnownFileType = folder.assetcatalog; path = Assets.xcassets; sourceTree = "<group>"; };
		94D93253E240D09AF5BDC2FE /* ContentView.swift */ = {isa = PBXFileReference; lastKnownFileType = sourcecode.swift; path = ContentView.swift; sourceTree = "<group>"; };
/* End PBXFileReference section */

/* Begin PBXGroup section */
		29C28BE7EDEBE66FD509DC1D /* Shared */ = {
			isa = PBXGroup;
			children = (
				3DA7474CF92591EC9B52F2BD /* Extensions */,
				DCA54E77BF67131FF1258F94 /* Models */,
				F44252E80DF700DFB8DF5579 /* Utilities */,
			);
			path = Shared;
			sourceTree = "<group>";
		};
		3DA7474CF92591EC9B52F2BD /* Extensions */ = {
			isa = PBXGroup;
			children = (
			);
			path = Extensions;
			sourceTree = "<group>";
		};
		626AD306239DA8EDB1F680B2 /* Home */ = {
			isa = PBXGroup;
			children = (
			);
			path = Home;
			sourceTree = "<group>";
		};
		62E456983AAAEBB0F8DDD0AD /* Sources */ = {
			isa = PBXGroup;
			children = (
				F7437BC8DD3FA1BFEB2F15D5 /* App */,
				C47A070D28F6B67CA41FCBFE /* Core */,
				A091EC404B3C3C680C0330F5 /* Features */,
				662B4390F58C5FA9E9C7AFDD /* Resources */,
				29C28BE7EDEBE66FD509DC1D /* Shared */,
			);
			path = Sources;
			sourceTree = "<group>";
		};
		662B4390F58C5FA9E9C7AFDD /* Resources */ = {
			isa = PBXGroup;
			children = (
				8321F9AB0CBD3B2F041E13B7 /* Assets.xcassets */,
			);
			path = Resources;
			sourceTree = "<group>";
		};
		7A29CAFEFA1CAD64DE5CEECC /* Database */ = {
			isa = PBXGroup;
			children = (
			);
			path = Database;
			sourceTree = "<group>";
		};
		A091EC404B3C3C680C0330F5 /* Features */ = {
			isa = PBXGroup;
			children = (
				626AD306239DA8EDB1F680B2 /* Home */,
			);
			path = Features;
			sourceTree = "<group>";
		};
		A4EB7F6E692C2FE2269679F5 /* Payments */ = {
			isa = PBXGroup;
			children = (
			);
			path = Payments;
			sourceTree = "<group>";
		};
		BC2C6A886868FA824914C528 = {
			isa = PBXGroup;
			children = (
				62E456983AAAEBB0F8DDD0AD /* Sources */,
				D8A88CF889E89CB2A3FF474E /* Products */,
			);
			sourceTree = "<group>";
		};
		C47A070D28F6B67CA41FCBFE /* Core */ = {
			isa = PBXGroup;
			children = (
				7A29CAFEFA1CAD64DE5CEECC /* Database */,
				E1370625DE9AFED6450F2620 /* Network */,
				A4EB7F6E692C2FE2269679F5 /* Payments */,
			);
			path = Core;
			sourceTree = "<group>";
		};
		D8A88CF889E89CB2A3FF474E /* Products */ = {
			isa = PBXGroup;
			children = (
				117C0BE688F4FFCC7F2C5AA2 /* simple-note-taking-app-for-ios.app */,
			);
			name = Products;
			sourceTree = "<group>";
		};
		DCA54E77BF67131FF1258F94 /* Models */ = {
			isa = PBXGroup;
			children = (
			);
			path = Models;
			sourceTree = "<group>";
		};
		E1370625DE9AFED6450F2620 /* Network */ = {
			isa = PBXGroup;
			children = (
			);
			path = Network;
			sourceTree = "<group>";
		};
		F44252E80DF700DFB8DF5579 /* Utilities */ = {
			isa = PBXGroup;
			children = (
			);
			path = Utilities;
			sourceTree = "<group>";
		};
		F7437BC8DD3FA1BFEB2F15D5 /* App */ = {
			isa = PBXGroup;
			children = (
				94D93253E240D09AF5BDC2FE /* ContentView.swift */,
				2E98B7B6201A0C32EEB3EAEE /* simple-note-taking-app-for-iosApp.swift */,
			);
			path = App;
			sourceTree = "<group>";
		};
/* End PBXGroup section */

/* Begin PBXNativeTarget section */
		1E71FD614DBC881F9C653F54 /* simple-note-taking-app-for-ios */ = {
			isa = PBXNativeTarget;
			buildConfigurationList = 094AD90D5191B3DFB4B0039E /* Build configuration list for PBXNativeTarget "simple-note-taking-app-for-ios" */;
			buildPhases = (
				C66B82CA033E98CBDDBC2026 /* Sources */,
				F94622FB546D0F5A05D74167 /* Resources */,
			);
			buildRules = (
			);
			dependencies = (
			);
			name = "simple-note-taking-app-for-ios";
			packageProductDependencies = (
			);
			productName = "simple-note-taking-app-for-ios";
			productReference = 117C0BE688F4FFCC7F2C5AA2 /* simple-note-taking-app-for-ios.app */;
			productType = "com.apple.product-type.application";
		};
/* End PBXNativeTarget section */

/* Begin PBXProject section */
		D6EBD088A4D0B38FB495A3A8 /* Project object */ = {
			isa = PBXProject;
			attributes = {
				BuildIndependentTargetsInParallel = YES;
				LastUpgradeCheck = 1500;
				TargetAttributes = {
					1E71FD614DBC881F9C653F54 = {
						ProvisioningStyle = Automatic;
					};
				};
			};
			buildConfigurationList = 7188E4A827B921758FA45178 /* Build configuration list for PBXProject "simple-note-taking-app-for-ios" */;
			developmentRegion = en;
			hasScannedForEncodings = 0;
			knownRegions = (
				Base,
				en,
			);
			mainGroup = BC2C6A886868FA824914C528;
			minimizedProjectReferenceProxies = 1;
			preferredProjectObjectVersion = 77;
			productRefGroup = D8A88CF889E89CB2A3FF474E /* Products */;
			projectDirPath = "";
			projectRoot = "";
			targets = (
				1E71FD614DBC881F9C653F54 /* simple-note-taking-app-for-ios */,
			);
		};
/* End PBXProject section */

/* Begin PBXResourcesBuildPhase section */
		F94622FB546D0F5A05D74167 /* Resources */ = {
			isa = PBXResourcesBuildPhase;
			buildActionMask = 2147483647;
			files = (
				C59245F544480ECD3F7CCD1C /* Assets.xcassets in Resources */,
			);
			runOnlyForDeploymentPostprocessing = 0;
		};
/* End PBXResourcesBuildPhase section */

/* Begin PBXSourcesBuildPhase section */
		C66B82CA033E98CBDDBC2026 /* Sources */ = {
			isa = PBXSourcesBuildPhase;
			buildActionMask = 2147483647;
			files = (
				0BF7B26AC9E642E662052659 /* ContentView.swift in Sources */,
				2619798AC5395A916893E3F2 /* simple-note-taking-app-for-iosApp.swift in Sources */,
			);
			runOnlyForDeploymentPostprocessing = 0;
		};
/* End PBXSourcesBuildPhase section */

/* Begin XCBuildConfiguration section */
		0CEE26DEB4F9BC66871E0748 /* Release */ = {
			isa = XCBuildConfiguration;
			buildSettings = {
				ALWAYS_SEARCH_USER_PATHS = NO;
				ASSETCATALOG_COMPILER_APPICON_NAME = AppIcon;
				ASSETCATALOG_COMPILER_GLOBAL_ACCENT_COLOR_NAME = AccentColor;
				CLANG_ANALYZER_NONNULL = YES;
				CLANG_ANALYZER_NUMBER_OBJECT_CONVERSION = YES_AGGRESSIVE;
				CLANG_CXX_LANGUAGE_STANDARD = "gnu++14";
				CLANG_CXX_LIBRARY = "libc++";
				CLANG_ENABLE_MODULES = YES;
				CLANG_ENABLE_OBJC_ARC = YES;
				CLANG_ENABLE_OBJC_WEAK = YES;
				CLANG_WARN_BLOCK_CAPTURE_AUTORELEASING = YES;
				CLANG_WARN_BOOL_CONVERSION = YES;
				CLANG_WARN_COMMA = YES;
				CLANG_WARN_CONSTANT_CONVERSION = YES;
				CLANG_WARN_DEPRECATED_OBJC_IMPLEMENTATIONS = YES;
				CLANG_WARN_DIRECT_OBJC_ISA_USAGE = YES_ERROR;
				CLANG_WARN_DOCUMENTATION_COMMENTS = YES;
				CLANG_WARN_EMPTY_BODY = YES;
				CLANG_WARN_ENUM_CONVERSION = YES;
				CLANG_WARN_INFINITE_RECURSION = YES;
				CLANG_WARN_INT_CONVERSION = YES;
				CLANG_WARN_NON_LITERAL_NULL_CONVERSION = YES;
				CLANG_WARN_OBJC_IMPLICIT_RETAIN_SELF = YES;
				CLANG_WARN_OBJC_LITERAL_CONVERSION = YES;
				CLANG_WARN_OBJC_ROOT_CLASS = YES_ERROR;
				CLANG_WARN_QUOTED_INCLUDE_IN_FRAMEWORK_HEADER = YES;
				CLANG_WARN_RANGE_LOOP_ANALYSIS = YES;
				CLANG_WARN_STRICT_PROTOTYPES = YES;
				CLANG_WARN_SUSPICIOUS_MOVE = YES;
				CLANG_WARN_UNGUARDED_AVAILABILITY = YES_AGGRESSIVE;
				CLANG_WARN_UNREACHABLE_CODE = YES;
				CLANG_WARN__DUPLICATE_METHOD_MATCH = YES;
				CODE_SIGN_STYLE = Automatic;
				COPY_PHASE_STRIP = NO;
				DEBUG_INFORMATION_FORMAT = "dwarf-with-dsym";
				ENABLE_NS_ASSERTIONS = NO;
				ENABLE_PREVIEWS = YES;
				ENABLE_STRICT_OBJC_MSGSEND = YES;
				GCC_C_LANGUAGE_STANDARD = gnu11;
				GCC_NO_COMMON_BLOCKS = YES;
				GCC_WARN_64_TO_32_BIT_CONVERSION = YES;
				GCC_WARN_ABOUT_RETURN_TYPE = YES_ERROR;
				GCC_WARN_UNDECLARED_SELECTOR = YES;
				GCC_WARN_UNINITIALIZED_AUTOS = YES_AGGRESSIVE;
				GCC_WARN_UNUSED_FUNCTION = YES;
				GCC_WARN_UNUSED_VARIABLE = YES;
				INFOPLIST_KEY_UIApplicationSceneManifest_Generation = YES;
				INFOPLIST_KEY_UILaunchScreen_Generation = YES;
				INFOPLIST_KEY_UISupportedInterfaceOrientations = UIInterfaceOrientationPortrait;
				IPHONEOS_DEPLOYMENT_TARGET = 16.0;
				MTL_ENABLE_DEBUG_INFO = NO;
				MTL_FAST_MATH = YES;
				PRODUCT_BUNDLE_IDENTIFIER = "com.yourcompany.simple-note-taking-app-for-ios";
				PRODUCT_NAME = "$(TARGET_NAME)";
				SDKROOT = iphoneos;
				SWIFT_COMPILATION_MODE = wholemodule;
				SWIFT_OPTIMIZATION_LEVEL = "-O";
				SWIFT_VERSION = 5.9;
				TARGETED_DEVICE_FAMILY = 1;
			};
			name = Release;
		};
		61521BE2296BCC5B409EB1F8 /* Release */ = {
			isa = XCBuildConfiguration;
			buildSettings = {
				ASSETCATALOG_COMPILER_APPICON_NAME = AppIcon;
				CODE_SIGN_IDENTITY = "iPhone Developer";
				CURRENT_PROJECT_VERSION = 1;
				INFOPLIST_KEY_CFBundleDisplayName = "simple-note-taking-app-for-ios";
				LD_RUNPATH_SEARCH_PATHS = (
					"$(inherited)",
					"@executable_path/Frameworks",
				);
				MARKETING_VERSION = 1.0.0;
				SDKROOT = iphoneos;
				TARGETED_DEVICE_FAMILY = "1,2";
			};
			name = Release;
		};
		8BC0AE6A275838CDBF1FDDC5 /* Debug */ = {
			isa = XCBuildConfiguration;
			buildSettings = {
				ASSETCATALOG_COMPILER_APPICON_NAME = AppIcon;
				CODE_SIGN_IDENTITY = "iPhone Developer";
				CURRENT_PROJECT_VERSION = 1;
				INFOPLIST_KEY_CFBundleDisplayName = "simple-note-taking-app-for-ios";
				LD_RUNPATH_SEARCH_PATHS = (
					"$(inherited)",
					"@executable_path/Frameworks",
				);
				MARKETING_VERSION = 1.0.0;
				SDKROOT = iphoneos;
				TARGETED_DEVICE_FAMILY = "1,2";
			};
			name = Debug;
		};
		D928DB49D5EF23960E1BB12C /* Debug */ = {
			isa = XCBuildConfiguration;
			buildSettings = {
				ALWAYS_SEARCH_USER_PATHS = NO;
				ASSETCATALOG_COMPILER_APPICON_NAME = AppIcon;
				ASSETCATALOG_COMPILER_GLOBAL_ACCENT_COLOR_NAME = AccentColor;
				CLANG_ANALYZER_NONNULL = YES;
				CLANG_ANALYZER_NUMBER_OBJECT_CONVERSION = YES_AGGRESSIVE;
				CLANG_CXX_LANGUAGE_STANDARD = "gnu++14";
				CLANG_CXX_LIBRARY = "libc++";
				CLANG_ENABLE_MODULES = YES;
				CLANG_ENABLE_OBJC_ARC = YES;
				CLANG_ENABLE_OBJC_WEAK = YES;
				CLANG_WARN_BLOCK_CAPTURE_AUTORELEASING = YES;
				CLANG_WARN_BOOL_CONVERSION = YES;
				CLANG_WARN_COMMA = YES;
				CLANG_WARN_CONSTANT_CONVERSION = YES;
				CLANG_WARN_DEPRECATED_OBJC_IMPLEMENTATIONS = YES;
				CLANG_WARN_DIRECT_OBJC_ISA_USAGE = YES_ERROR;
				CLANG_WARN_DOCUMENTATION_COMMENTS = YES;
				CLANG_WARN_EMPTY_BODY = YES;
				CLANG_WARN_ENUM_CONVERSION = YES;
				CLANG_WARN_INFINITE_RECURSION = YES;
				CLANG_WARN_INT_CONVERSION = YES;
				CLANG_WARN_NON_LITERAL_NULL_CONVERSION = YES;
				CLANG_WARN_OBJC_IMPLICIT_RETAIN_SELF = YES;
				CLANG_WARN_OBJC_LITERAL_CONVERSION = YES;
				CLANG_WARN_OBJC_ROOT_CLASS = YES_ERROR;
				CLANG_WARN_QUOTED_INCLUDE_IN_FRAMEWORK_HEADER = YES;
				CLANG_WARN_RANGE_LOOP_ANALYSIS = YES;
				CLANG_WARN_STRICT_PROTOTYPES = YES;
				CLANG_WARN_SUSPICIOUS_MOVE = YES;
				CLANG_WARN_UNGUARDED_AVAILABILITY = YES_AGGRESSIVE;
				CLANG_WARN_UNREACHABLE_CODE = YES;
				CLANG_WARN__DUPLICATE_METHOD_MATCH = YES;
				CODE_SIGN_STYLE = Automatic;
				COPY_PHASE_STRIP = NO;
				DEBUG_INFORMATION_FORMAT = dwarf;
				ENABLE_PREVIEWS = YES;
				ENABLE_STRICT_OBJC_MSGSEND = YES;
				ENABLE_TESTABILITY = YES;
				GCC_C_LANGUAGE_STANDARD = gnu11;
				GCC_DYNAMIC_NO_PIC = NO;
				GCC_NO_COMMON_BLOCKS = YES;
				GCC_OPTIMIZATION_LEVEL = 0;
				GCC_PREPROCESSOR_DEFINITIONS = (
					"$(inherited)",
					"DEBUG=1",
				);
				GCC_WARN_64_TO_32_BIT_CONVERSION = YES;
				GCC_WARN_ABOUT_RETURN_TYPE = YES_ERROR;
				GCC_WARN_UNDECLARED_SELECTOR = YES;
				GCC_WARN_UNINITIALIZED_AUTOS = YES_AGGRESSIVE;
				GCC_WARN_UNUSED_FUNCTION = YES;
				GCC_WARN_UNUSED_VARIABLE = YES;
				INFOPLIST_KEY_UIApplicationSceneManifest_Generation = YES;
				INFOPLIST_KEY_UILaunchScreen_Generation = YES;
				INFOPLIST_KEY_UISupportedInterfaceOrientations = UIInterfaceOrientationPortrait;
				IPHONEOS_DEPLOYMENT_TARGET = 16.0;
				MTL_ENABLE_DEBUG_INFO = INCLUDE_SOURCE;
				MTL_FAST_MATH = YES;
				ONLY_ACTIVE_ARCH = YES;
				PRODUCT_BUNDLE_IDENTIFIER = "com.yourcompany.simple-note-taking-app-for-ios";
				PRODUCT_NAME = "$(TARGET_NAME)";
				SDKROOT = iphoneos;
				SWIFT_ACTIVE_COMPILATION_CONDITIONS = DEBUG;
				SWIFT_OPTIMIZATION_LEVEL = "-Onone";
				SWIFT_VERSION = 5.9;
				TARGETED_DEVICE_FAMILY = 1;
			};
			name = Debug;
		};
/* End XCBuildConfiguration section */

/* Begin XCConfigurationList section */
		094AD90D5191B3DFB4B0039E /* Build configuration list for PBXNativeTarget "simple-note-taking-app-for-ios" */ = {
			isa = XCConfigurationList;
			buildConfigurations = (
				8BC0AE6A275838CDBF1FDDC5 /* Debug */,
				61521BE2296BCC5B409EB1F8 /* Release */,
			);
			defaultConfigurationIsVisible = 0;
			defaultConfigurationName = Debug;
		};
		7188E4A827B921758FA45178 /* Build configuration list for PBXProject "simple-note-taking-app-for-ios" */ = {
			isa = XCConfigurationList;
			buildConfigurations = (
				D928DB49D5EF23960E1BB12C /* Debug */,
				0CEE26DEB4F9BC66871E0748 /* Release */,
			);
			defaultConfigurationIsVisible = 0;
			defaultConfigurationName = Debug;
		};
/* End XCConfigurationList section */
	};
	rootObject = D6EBD088A4D0B38FB495A3A8 /* Project object */;
}
